
Microsoft Visual Studio Solution File, Format Version 12.00
# Visual Studio Version 16
VisualStudioVersion = 16.0.809.9
MinimumVisualStudioVersion = 10.0.40219.1
Project("{FAE04EC0-301F-11D3-BF4B-00C04F79EFBC}") = "LegacyDeckBuilder", "LegacyDeckBuilder.csproj", "{92B13232-ABFF-4AAA-A63B-2F895A0BC427}"
EndProject
Project("{FAE04EC0-301F-11D3-BF4B-00C04F79EFBC}") = "LegacyDeckBuilder.Tests", "..\LegacyDeckBuilder.Tests\LegacyDeckBuilder.Tests.csproj", "{DBE8599D-E36F-424C-B783-C551C7036940}"
EndProject
Global
	GlobalSection(SolutionConfigurationPlatforms) = preSolution
		Debug|Any CPU = Debug|Any CPU
		Release|Any CPU = Release|Any CPU
	EndGlobalSection
	GlobalSection(ProjectConfigurationPlatforms) = postSolution
		{92B13232-ABFF-4AAA-A63B-2F895A0BC427}.Debug|Any CPU.ActiveCfg = Debug|Any CPU
		{92B13232-ABFF-4AAA-A63B-2F895A0BC427}.Debug|Any CPU.Build.0 = Debug|Any CPU
		{92B13232-ABFF-4AAA-A63B-2F895A0BC427}.Release|Any CPU.ActiveCfg = Release|Any CPU
		{92B13232-ABFF-4AAA-A63B-2F895A0BC427}.Release|Any CPU.Build.0 = Release|Any CPU
		{DBE8599D-E36F-424C-B783-C551C7036940}.Debug|Any CPU.ActiveCfg = Debug|Any CPU
		{DBE8599D-E36F-424C-B783-C551C7036940}.Debug|Any CPU.Build.0 = Debug|Any CPU
		{DBE8599D-E36F-424C-B783-C551C7036940}.Release|Any CPU.ActiveCfg = Release|Any CPU
		{DBE8599D-E36F-424C-B783-C551C7036940}.Release|Any CPU.Build.0 = Release|Any CPU
	EndGlobalSection
	GlobalSection(SolutionProperties) = preSolution
		HideSolutionNode = FALSE
	EndGlobalSection
	GlobalSection(ExtensibilityGlobals) = postSolution
		SolutionGuid = {997592EE-9806-4619-B482-E729E0843202}
	EndGlobalSection
EndGlobal
