
Microsoft Visual Studio Solution File, Format Version 12.00
# Visual Studio Version 16
VisualStudioVersion = 16.0.809.9
MinimumVisualStudioVersion = 10.0.40219.1
Project("{FAE04EC0-301F-11D3-BF4B-00C04F79EFBC}") = "LegacyDeckBuilder", "LegacyDeckBuilder\LegacyDeckBuilder.csproj", "{7F388AF5-1969-41E0-8C0A-ACBC979D78A4}"
EndProject
Project("{FAE04EC0-301F-11D3-BF4B-00C04F79EFBC}") = "LegacyDeckBuilder.Tests", "LegacyDeckBuilder.Tests\LegacyDeckBuilder.Tests.csproj", "{50E1560D-BAFF-43E6-BB99-2E7E9AA3B225}"
EndProject
Global
	GlobalSection(SolutionConfigurationPlatforms) = preSolution
		Debug|Any CPU = Debug|Any CPU
		Release|Any CPU = Release|Any CPU
	EndGlobalSection
	GlobalSection(ProjectConfigurationPlatforms) = postSolution
		{7F388AF5-1969-41E0-8C0A-ACBC979D78A4}.Debug|Any CPU.ActiveCfg = Debug|Any CPU
		{7F388AF5-1969-41E0-8C0A-ACBC979D78A4}.Debug|Any CPU.Build.0 = Debug|Any CPU
		{7F388AF5-1969-41E0-8C0A-ACBC979D78A4}.Release|Any CPU.ActiveCfg = Release|Any CPU
		{7F388AF5-1969-41E0-8C0A-ACBC979D78A4}.Release|Any CPU.Build.0 = Release|Any CPU
		{50E1560D-BAFF-43E6-BB99-2E7E9AA3B225}.Debug|Any CPU.ActiveCfg = Debug|Any CPU
		{50E1560D-BAFF-43E6-BB99-2E7E9AA3B225}.Debug|Any CPU.Build.0 = Debug|Any CPU
		{50E1560D-BAFF-43E6-BB99-2E7E9AA3B225}.Release|Any CPU.ActiveCfg = Release|Any CPU
		{50E1560D-BAFF-43E6-BB99-2E7E9AA3B225}.Release|Any CPU.Build.0 = Release|Any CPU
	EndGlobalSection
	GlobalSection(SolutionProperties) = preSolution
		HideSolutionNode = FALSE
	EndGlobalSection
	GlobalSection(ExtensibilityGlobals) = postSolution
		SolutionGuid = {0C2FD509-9787-40F1-B762-72F9547E5756}
	EndGlobalSection
EndGlobal
